
Microsoft Visual Studio Solution File, Format Version 12.00
# Visual Studio Version 17
VisualStudioVersion = 17.5.33530.505
MinimumVisualStudioVersion = 10.0.40219.1
Project("{FAE04EC0-301F-11D3-BF4B-00C04F79EFBC}") = "BookStore", "BookStore\BookStore.csproj", "{1C94F9C8-6F6C-4612-8920-4F91737E7353}"
EndProject
Global
	GlobalSection(SolutionConfigurationPlatforms) = preSolution
		Debug|Any CPU = Debug|Any CPU
		Release|Any CPU = Release|Any CPU
	EndGlobalSection
	GlobalSection(ProjectConfigurationPlatforms) = postSolution
		{1C94F9C8-6F6C-4612-8920-4F91737E7353}.Debug|Any CPU.ActiveCfg = Debug|Any CPU
		{1C94F9C8-6F6C-4612-8920-4F91737E7353}.Debug|Any CPU.Build.0 = Debug|Any CPU
		{1C94F9C8-6F6C-4612-8920-4F91737E7353}.Release|Any CPU.ActiveCfg = Release|Any CPU
		{1C94F9C8-6F6C-4612-8920-4F91737E7353}.Release|Any CPU.Build.0 = Release|Any CPU
	EndGlobalSection
	GlobalSection(SolutionProperties) = preSolution
		HideSolutionNode = FALSE
	EndGlobalSection
	GlobalSection(ExtensibilityGlobals) = postSolution
		SolutionGuid = {6F4F92A8-2844-453C-A060-9BAB8D77D255}
	EndGlobalSection
EndGlobal
